
Microsoft Visual Studio Solution File, Format Version 12.00
# Visual Studio Version 17
VisualStudioVersion = 17.9.34607.119
MinimumVisualStudioVersion = 10.0.40219.1
Project("{FAE04EC0-301F-11D3-BF4B-00C04F79EFBC}") = "API.LivroDigital", "API.LivroDigital\API.LivroDigital.csproj", "{AB8FE5B7-7556-47B8-903C-263974267289}"
EndProject
Global
	GlobalSection(SolutionConfigurationPlatforms) = preSolution
		Debug|Any CPU = Debug|Any CPU
		Release|Any CPU = Release|Any CPU
	EndGlobalSection
	GlobalSection(ProjectConfigurationPlatforms) = postSolution
		{AB8FE5B7-7556-47B8-903C-263974267289}.Debug|Any CPU.ActiveCfg = Debug|Any CPU
		{AB8FE5B7-7556-47B8-903C-263974267289}.Debug|Any CPU.Build.0 = Debug|Any CPU
		{AB8FE5B7-7556-47B8-903C-263974267289}.Release|Any CPU.ActiveCfg = Release|Any CPU
		{AB8FE5B7-7556-47B8-903C-263974267289}.Release|Any CPU.Build.0 = Release|Any CPU
	EndGlobalSection
	GlobalSection(SolutionProperties) = preSolution
		HideSolutionNode = FALSE
	EndGlobalSection
	GlobalSection(ExtensibilityGlobals) = postSolution
		SolutionGuid = {634BB472-C1F5-4F86-8280-022B63924794}
	EndGlobalSection
EndGlobal
